
Microsoft Visual Studio Solution File, Format Version 12.00
# Visual Studio Version 17
VisualStudioVersion = 17.6.33815.320
MinimumVisualStudioVersion = 10.0.40219.1
Project("{FAE04EC0-301F-11D3-BF4B-00C04F79EFBC}") = "file", "file\file.csproj", "{F1523C59-41C5-4CB4-A290-F49CB1AC9D2E}"
EndProject
Project("{FAE04EC0-301F-11D3-BF4B-00C04F79EFBC}") = "file2", "file2\file2.csproj", "{616DDB3B-8E3E-49D9-91E0-BD8772BB7032}"
EndProject
Project("{FAE04EC0-301F-11D3-BF4B-00C04F79EFBC}") = "file3", "file3\file3.csproj", "{F40D47FD-6F70-42F0-BA44-7549FAB236A1}"
EndProject
Project("{FAE04EC0-301F-11D3-BF4B-00C04F79EFBC}") = "ConsoleApp1", "ConsoleApp1\ConsoleApp1.csproj", "{26249888-F26B-42E8-ACF1-61B3224FF503}"
EndProject
Global
	GlobalSection(SolutionConfigurationPlatforms) = preSolution
		Debug|Any CPU = Debug|Any CPU
		Release|Any CPU = Release|Any CPU
	EndGlobalSection
	GlobalSection(ProjectConfigurationPlatforms) = postSolution
		{F1523C59-41C5-4CB4-A290-F49CB1AC9D2E}.Debug|Any CPU.ActiveCfg = Debug|Any CPU
		{F1523C59-41C5-4CB4-A290-F49CB1AC9D2E}.Debug|Any CPU.Build.0 = Debug|Any CPU
		{F1523C59-41C5-4CB4-A290-F49CB1AC9D2E}.Release|Any CPU.ActiveCfg = Release|Any CPU
		{F1523C59-41C5-4CB4-A290-F49CB1AC9D2E}.Release|Any CPU.Build.0 = Release|Any CPU
		{616DDB3B-8E3E-49D9-91E0-BD8772BB7032}.Debug|Any CPU.ActiveCfg = Debug|Any CPU
		{616DDB3B-8E3E-49D9-91E0-BD8772BB7032}.Debug|Any CPU.Build.0 = Debug|Any CPU
		{616DDB3B-8E3E-49D9-91E0-BD8772BB7032}.Release|Any CPU.ActiveCfg = Release|Any CPU
		{616DDB3B-8E3E-49D9-91E0-BD8772BB7032}.Release|Any CPU.Build.0 = Release|Any CPU
		{F40D47FD-6F70-42F0-BA44-7549FAB236A1}.Debug|Any CPU.ActiveCfg = Debug|Any CPU
		{F40D47FD-6F70-42F0-BA44-7549FAB236A1}.Debug|Any CPU.Build.0 = Debug|Any CPU
		{F40D47FD-6F70-42F0-BA44-7549FAB236A1}.Release|Any CPU.ActiveCfg = Release|Any CPU
		{F40D47FD-6F70-42F0-BA44-7549FAB236A1}.Release|Any CPU.Build.0 = Release|Any CPU
		{26249888-F26B-42E8-ACF1-61B3224FF503}.Debug|Any CPU.ActiveCfg = Debug|Any CPU
		{26249888-F26B-42E8-ACF1-61B3224FF503}.Debug|Any CPU.Build.0 = Debug|Any CPU
		{26249888-F26B-42E8-ACF1-61B3224FF503}.Release|Any CPU.ActiveCfg = Release|Any CPU
		{26249888-F26B-42E8-ACF1-61B3224FF503}.Release|Any CPU.Build.0 = Release|Any CPU
	EndGlobalSection
	GlobalSection(SolutionProperties) = preSolution
		HideSolutionNode = FALSE
	EndGlobalSection
	GlobalSection(ExtensibilityGlobals) = postSolution
		SolutionGuid = {F130FB72-1B91-493D-ADD4-573B7435D064}
	EndGlobalSection
EndGlobal
